// !$*UTF8*$!
{
	archiveVersion = 1;
	classes = {
	};
	objectVersion = 46;
	objects = {

/* Begin PBXBuildFile section */
		22D95FEE1E602F27007796B5 /* main.m in Sources */ = {isa = PBXBuildFile; fileRef = 22D95FED1E602F27007796B5 /* main.m */; };
		22D95FF11E602F27007796B5 /* AppDelegate.m in Sources */ = {isa = PBXBuildFile; fileRef = 22D95FF01E602F27007796B5 /* AppDelegate.m */; };
		22D95FF41E602F27007796B5 /* ViewController.m in Sources */ = {isa = PBXBuildFile; fileRef = 22D95FF31E602F27007796B5 /* ViewController.m */; };
		22D95FF71E602F27007796B5 /* Main.storyboard in Resources */ = {isa = PBXBuildFile; fileRef = 22D95FF51E602F27007796B5 /* Main.storyboard */; };
		22D95FFA1E602F27007796B5 /* xmlparsing.xcdatamodeld in Sources */ = {isa = PBXBuildFile; fileRef = 22D95FF81E602F27007796B5 /* xmlparsing.xcdatamodeld */; };
		22D95FFC1E602F27007796B5 /* Assets.xcassets in Resources */ = {isa = PBXBuildFile; fileRef = 22D95FFB1E602F27007796B5 /* Assets.xcassets */; };
		22D95FFF1E602F27007796B5 /* LaunchScreen.storyboard in Resources */ = {isa = PBXBuildFile; fileRef = 22D95FFD1E602F27007796B5 /* LaunchScreen.storyboard */; };
		22D9600A1E602F28007796B5 /* xmlparsingTests.m in Sources */ = {isa = PBXBuildFile; fileRef = 22D960091E602F28007796B5 /* xmlparsingTests.m */; };
		22D960151E602F28007796B5 /* xmlparsingUITests.m in Sources */ = {isa = PBXBuildFile; fileRef = 22D960141E602F28007796B5 /* xmlparsingUITests.m */; };
/* End PBXBuildFile section */

/* Begin PBXContainerItemProxy section */
		22D960061E602F28007796B5 /* PBXContainerItemProxy */ = {
			isa = PBXContainerItemProxy;
			containerPortal = 22D95FE11E602F27007796B5 /* Project object */;
			proxyType = 1;
			remoteGlobalIDString = 22D95FE81E602F27007796B5;
			remoteInfo = xmlparsing;
		};
		22D960111E602F28007796B5 /* PBXContainerItemProxy */ = {
			isa = PBXContainerItemProxy;
			containerPortal = 22D95FE11E602F27007796B5 /* Project object */;
			proxyType = 1;
			remoteGlobalIDString = 22D95FE81E602F27007796B5;
			remoteInfo = xmlparsing;
		};
/* End PBXContainerItemProxy section */

/* Begin PBXFileReference section */
		22D95FE91E602F27007796B5 /* xmlparsing.app */ = {isa = PBXFileReference; explicitFileType = wrapper.application; includeInIndex = 0; path = xmlparsing.app; sourceTree = BUILT_PRODUCTS_DIR; };
		22D95FED1E602F27007796B5 /* main.m */ = {isa = PBXFileReference; lastKnownFileType = sourcecode.c.objc; path = main.m; sourceTree = "<group>"; };
		22D95FEF1E602F27007796B5 /* AppDelegate.h */ = {isa = PBXFileReference; lastKnownFileType = sourcecode.c.h; path = AppDelegate.h; sourceTree = "<group>"; };
		22D95FF01E602F27007796B5 /* AppDelegate.m */ = {isa = PBXFileReference; lastKnownFileType = sourcecode.c.objc; path = AppDelegate.m; sourceTree = "<group>"; };
		22D95FF21E602F27007796B5 /* ViewController.h */ = {isa = PBXFileReference; lastKnownFileType = sourcecode.c.h; path = ViewController.h; sourceTree = "<group>"; };
		22D95FF31E602F27007796B5 /* ViewController.m */ = {isa = PBXFileReference; lastKnownFileType = sourcecode.c.objc; path = ViewController.m; sourceTree = "<group>"; };
		22D95FF61E602F27007796B5 /* Base */ = {isa = PBXFileReference; lastKnownFileType = file.storyboard; name = Base; path = Base.lproj/Main.storyboard; sourceTree = "<group>"; };
		22D95FF91E602F27007796B5 /* xmlparsing.xcdatamodel */ = {isa = PBXFileReference; lastKnownFileType = wrapper.xcdatamodel; path = xmlparsing.xcdatamodel; sourceTree = "<group>"; };
		22D95FFB1E602F27007796B5 /* Assets.xcassets */ = {isa = PBXFileReference; lastKnownFileType = folder.assetcatalog; path = Assets.xcassets; sourceTree = "<group>"; };
		22D95FFE1E602F27007796B5 /* Base */ = {isa = PBXFileReference; lastKnownFileType = file.storyboard; name = Base; path = Base.lproj/LaunchScreen.storyboard; sourceTree = "<group>"; };
		22D960001E602F27007796B5 /* Info.plist */ = {isa = PBXFileReference; lastKnownFileType = text.plist.xml; path = Info.plist; sourceTree = "<group>"; };
		22D960051E602F28007796B5 /* xmlparsingTests.xctest */ = {isa = PBXFileReference; explicitFileType = wrapper.cfbundle; includeInIndex = 0; path = xmlparsingTests.xctest; sourceTree = BUILT_PRODUCTS_DIR; };
		22D960091E602F28007796B5 /* xmlparsingTests.m */ = {isa = PBXFileReference; lastKnownFileType = sourcecode.c.objc; path = xmlparsingTests.m; sourceTree = "<group>"; };
		22D9600B1E602F28007796B5 /* Info.plist */ = {isa = PBXFileReference; lastKnownFileType = text.plist.xml; path = Info.plist; sourceTree = "<group>"; };
		22D960101E602F28007796B5 /* xmlparsingUITests.xctest */ = {isa = PBXFileReference; explicitFileType = wrapper.cfbundle; includeInIndex = 0; path = xmlparsingUITests.xctest; sourceTree = BUILT_PRODUCTS_DIR; };
		22D960141E602F28007796B5 /* xmlparsingUITests.m */ = {isa = PBXFileReference; lastKnownFileType = sourcecode.c.objc; path = xmlparsingUITests.m; sourceTree = "<group>"; };
		22D960161E602F28007796B5 /* Info.plist */ = {isa = PBXFileReference; lastKnownFileType = text.plist.xml; path = Info.plist; sourceTree = "<group>"; };
/* End PBXFileReference section */

/* Begin PBXFrameworksBuildPhase section */
		22D95FE61E602F27007796B5 /* Frameworks */ = {
			isa = PBXFrameworksBuildPhase;
			buildActionMask = 2147483647;
			files = (
			);
			runOnlyForDeploymentPostprocessing = 0;
		};
		22D960021E602F28007796B5 /* Frameworks */ = {
			isa = PBXFrameworksBuildPhase;
			buildActionMask = 2147483647;
			files = (
			);
			runOnlyForDeploymentPostprocessing = 0;
		};
		22D9600D1E602F28007796B5 /* Frameworks */ = {
			isa = PBXFrameworksBuildPhase;
			buildActionMask = 2147483647;
			files = (
			);
			runOnlyForDeploymentPostprocessing = 0;
		};
/* End PBXFrameworksBuildPhase section */

/* Begin PBXGroup section */
		22D95FE01E602F27007796B5 = {
			isa = PBXGroup;
			children = (
				22D95FEB1E602F27007796B5 /* xmlparsing */,
				22D960081E602F28007796B5 /* xmlparsingTests */,
				22D960131E602F28007796B5 /* xmlparsingUITests */,
				22D95FEA1E602F27007796B5 /* Products */,
			);
			sourceTree = "<group>";
		};
		22D95FEA1E602F27007796B5 /* Products */ = {
			isa = PBXGroup;
			children = (
				22D95FE91E602F27007796B5 /* xmlparsing.app */,
				22D960051E602F28007796B5 /* xmlparsingTests.xctest */,
				22D960101E602F28007796B5 /* xmlparsingUITests.xctest */,
			);
			name = Products;
			sourceTree = "<group>";
		};
		22D95FEB1E602F27007796B5 /* xmlparsing */ = {
			isa = PBXGroup;
			children = (
				22D95FEF1E602F27007796B5 /* AppDelegate.h */,
				22D95FF01E602F27007796B5 /* AppDelegate.m */,
				22D95FF21E602F27007796B5 /* ViewController.h */,
				22D95FF31E602F27007796B5 /* ViewController.m */,
				22D95FF51E602F27007796B5 /* Main.storyboard */,
				22D95FFB1E602F27007796B5 /* Assets.xcassets */,
				22D95FFD1E602F27007796B5 /* LaunchScreen.storyboard */,
				22D960001E602F27007796B5 /* Info.plist */,
				22D95FF81E602F27007796B5 /* xmlparsing.xcdatamodeld */,
				22D95FEC1E602F27007796B5 /* Supporting Files */,
			);
			path = xmlparsing;
			sourceTree = "<group>";
		};
		22D95FEC1E602F27007796B5 /* Supporting Files */ = {
			isa = PBXGroup;
			children = (
				22D95FED1E602F27007796B5 /* main.m */,
			);
			name = "Supporting Files";
			sourceTree = "<group>";
		};
		22D960081E602F28007796B5 /* xmlparsingTests */ = {
			isa = PBXGroup;
			children = (
				22D960091E602F28007796B5 /* xmlparsingTests.m */,
				22D9600B1E602F28007796B5 /* Info.plist */,
			);
			path = xmlparsingTests;
			sourceTree = "<group>";
		};
		22D960131E602F28007796B5 /* xmlparsingUITests */ = {
			isa = PBXGroup;
			children = (
				22D960141E602F28007796B5 /* xmlparsingUITests.m */,
				22D960161E602F28007796B5 /* Info.plist */,
			);
			path = xmlparsingUITests;
			sourceTree = "<group>";
		};
/* End PBXGroup section */

/* Begin PBXNativeTarget section */
		22D95FE81E602F27007796B5 /* xmlparsing */ = {
			isa = PBXNativeTarget;
			buildConfigurationList = 22D960191E602F28007796B5 /* Build configuration list for PBXNativeTarget "xmlparsing" */;
			buildPhases = (
				22D95FE51E602F27007796B5 /* Sources */,
				22D95FE61E602F27007796B5 /* Frameworks */,
				22D95FE71E602F27007796B5 /* Resources */,
			);
			buildRules = (
			);
			dependencies = (
			);
			name = xmlparsing;
			productName = xmlparsing;
			productReference = 22D95FE91E602F27007796B5 /* xmlparsing.app */;
			productType = "com.apple.product-type.application";
		};
		22D960041E602F28007796B5 /* xmlparsingTests */ = {
			isa = PBXNativeTarget;
			buildConfigurationList = 22D9601C1E602F28007796B5 /* Build configuration list for PBXNativeTarget "xmlparsingTests" */;
			buildPhases = (
				22D960011E602F28007796B5 /* Sources */,
				22D960021E602F28007796B5 /* Frameworks */,
				22D960031E602F28007796B5 /* Resources */,
			);
			buildRules = (
			);
			dependencies = (
				22D960071E602F28007796B5 /* PBXTargetDependency */,
			);
			name = xmlparsingTests;
			productName = xmlparsingTests;
			productReference = 22D960051E602F28007796B5 /* xmlparsingTests.xctest */;
			productType = "com.apple.product-type.bundle.unit-test";
		};
		22D9600F1E602F28007796B5 /* xmlparsingUITests */ = {
			isa = PBXNativeTarget;
			buildConfigurationList = 22D9601F1E602F28007796B5 /* Build configuration list for PBXNativeTarget "xmlparsingUITests" */;
			buildPhases = (
				22D9600C1E602F28007796B5 /* Sources */,
				22D9600D1E602F28007796B5 /* Frameworks */,
				22D9600E1E602F28007796B5 /* Resources */,
			);
			buildRules = (
			);
			dependencies = (
				22D960121E602F28007796B5 /* PBXTargetDependency */,
			);
			name = xmlparsingUITests;
			productName = xmlparsingUITests;
			productReference = 22D960101E602F28007796B5 /* xmlparsingUITests.xctest */;
			productType = "com.apple.product-type.bundle.ui-testing";
		};
/* End PBXNativeTarget section */

/* Begin PBXProject section */
		22D95FE11E602F27007796B5 /* Project object */ = {
			isa = PBXProject;
			attributes = {
				LastUpgradeCheck = 0810;
				ORGANIZATIONNAME = king;
				TargetAttributes = {
					22D95FE81E602F27007796B5 = {
						CreatedOnToolsVersion = 8.1;
						ProvisioningStyle = Automatic;
					};
					22D960041E602F28007796B5 = {
						CreatedOnToolsVersion = 8.1;
						ProvisioningStyle = Automatic;
						TestTargetID = 22D95FE81E602F27007796B5;
					};
					22D9600F1E602F28007796B5 = {
						CreatedOnToolsVersion = 8.1;
						ProvisioningStyle = Automatic;
						TestTargetID = 22D95FE81E602F27007796B5;
					};
				};
			};
			buildConfigurationList = 22D95FE41E602F27007796B5 /* Build configuration list for PBXProject "xmlparsing" */;
			compatibilityVersion = "Xcode 3.2";
			developmentRegion = English;
			hasScannedForEncodings = 0;
			knownRegions = (
				en,
				Base,
			);
			mainGroup = 22D95FE01E602F27007796B5;
			productRefGroup = 22D95FEA1E602F27007796B5 /* Products */;
			projectDirPath = "";
			projectRoot = "";
			targets = (
				22D95FE81E602F27007796B5 /* xmlparsing */,
				22D960041E602F28007796B5 /* xmlparsingTests */,
				22D9600F1E602F28007796B5 /* xmlparsingUITests */,
			);
		};
/* End PBXProject section */

/* Begin PBXResourcesBuildPhase section */
		22D95FE71E602F27007796B5 /* Resources */ = {
			isa = PBXResourcesBuildPhase;
			buildActionMask = 2147483647;
			files = (
				22D95FFF1E602F27007796B5 /* LaunchScreen.storyboard in Resources */,
				22D95FFC1E602F27007796B5 /* Assets.xcassets in Resources */,
				22D95FF71E602F27007796B5 /* Main.storyboard in Resources */,
			);
			runOnlyForDeploymentPostprocessing = 0;
		};
		22D960031E602F28007796B5 /* Resources */ = {
			isa = PBXResourcesBuildPhase;
			buildActionMask = 2147483647;
			files = (
			);
			runOnlyForDeploymentPostprocessing = 0;
		};
		22D9600E1E602F28007796B5 /* Resources */ = {
			isa = PBXResourcesBuildPhase;
			buildActionMask = 2147483647;
			files = (
			);
			runOnlyForDeploymentPostprocessing = 0;
		};
/* End PBXResourcesBuildPhase section */

/* Begin PBXSourcesBuildPhase section */
		22D95FE51E602F27007796B5 /* Sources */ = {
			isa = PBXSourcesBuildPhase;
			buildActionMask = 2147483647;
			files = (
				22D95FFA1E602F27007796B5 /* xmlparsing.xcdatamodeld in Sources */,
				22D95FF41E602F27007796B5 /* ViewController.m in Sources */,
				22D95FF11E602F27007796B5 /* AppDelegate.m in Sources */,
				22D95FEE1E602F27007796B5 /* main.m in Sources */,
			);
			runOnlyForDeploymentPostprocessing = 0;
		};
		22D960011E602F28007796B5 /* Sources */ = {
			isa = PBXSourcesBuildPhase;
			buildActionMask = 2147483647;
			files = (
				22D9600A1E602F28007796B5 /* xmlparsingTests.m in Sources */,
			);
			runOnlyForDeploymentPostprocessing = 0;
		};
		22D9600C1E602F28007796B5 /* Sources */ = {
			isa = PBXSourcesBuildPhase;
			buildActionMask = 2147483647;
			files = (
				22D960151E602F28007796B5 /* xmlparsingUITests.m in Sources */,
			);
			runOnlyForDeploymentPostprocessing = 0;
		};
/* End PBXSourcesBuildPhase section */

/* Begin PBXTargetDependency section */
		22D960071E602F28007796B5 /* PBXTargetDependency */ = {
			isa = PBXTargetDependency;
			target = 22D95FE81E602F27007796B5 /* xmlparsing */;
			targetProxy = 22D960061E602F28007796B5 /* PBXContainerItemProxy */;
		};
		22D960121E602F28007796B5 /* PBXTargetDependency */ = {
			isa = PBXTargetDependency;
			target = 22D95FE81E602F27007796B5 /* xmlparsing */;
			targetProxy = 22D960111E602F28007796B5 /* PBXContainerItemProxy */;
		};
/* End PBXTargetDependency section */

/* Begin PBXVariantGroup section */
		22D95FF51E602F27007796B5 /* Main.storyboard */ = {
			isa = PBXVariantGroup;
			children = (
				22D95FF61E602F27007796B5 /* Base */,
			);
			name = Main.storyboard;
			sourceTree = "<group>";
		};
		22D95FFD1E602F27007796B5 /* LaunchScreen.storyboard */ = {
			isa = PBXVariantGroup;
			children = (
				22D95FFE1E602F27007796B5 /* Base */,
			);
			name = LaunchScreen.storyboard;
			sourceTree = "<group>";
		};
/* End PBXVariantGroup section */

/* Begin XCBuildConfiguration section */
		22D960171E602F28007796B5 /* Debug */ = {
			isa = XCBuildConfiguration;
			buildSettings = {
				ALWAYS_SEARCH_USER_PATHS = NO;
				CLANG_ANALYZER_NONNULL = YES;
				CLANG_CXX_LANGUAGE_STANDARD = "gnu++0x";
				CLANG_CXX_LIBRARY = "libc++";
				CLANG_ENABLE_MODULES = YES;
				CLANG_ENABLE_OBJC_ARC = YES;
				CLANG_WARN_BOOL_CONVERSION = YES;
				CLANG_WARN_CONSTANT_CONVERSION = YES;
				CLANG_WARN_DIRECT_OBJC_ISA_USAGE = YES_ERROR;
				CLANG_WARN_DOCUMENTATION_COMMENTS = YES;
				CLANG_WARN_EMPTY_BODY = YES;
				CLANG_WARN_ENUM_CONVERSION = YES;
				CLANG_WARN_INFINITE_RECURSION = YES;
				CLANG_WARN_INT_CONVERSION = YES;
				CLANG_WARN_OBJC_ROOT_CLASS = YES_ERROR;
				CLANG_WARN_SUSPICIOUS_MOVES = YES;
				CLANG_WARN_UNREACHABLE_CODE = YES;
				CLANG_WARN__DUPLICATE_METHOD_MATCH = YES;
				"CODE_SIGN_IDENTITY[sdk=iphoneos*]" = "iPhone Developer";
				COPY_PHASE_STRIP = NO;
				DEBUG_INFORMATION_FORMAT = dwarf;
				ENABLE_STRICT_OBJC_MSGSEND = YES;
				ENABLE_TESTABILITY = YES;
				GCC_C_LANGUAGE_STANDARD = gnu99;
				GCC_DYNAMIC_NO_PIC = NO;
				GCC_NO_COMMON_BLOCKS = YES;
				GCC_OPTIMIZATION_LEVEL = 0;
				GCC_PREPROCESSOR_DEFINITIONS = (
					"DEBUG=1",
					"$(inherited)",
				);
				GCC_WARN_64_TO_32_BIT_CONVERSION = YES;
				GCC_WARN_ABOUT_RETURN_TYPE = YES_ERROR;
				GCC_WARN_UNDECLARED_SELECTOR = YES;
				GCC_WARN_UNINITIALIZED_AUTOS = YES_AGGRESSIVE;
				GCC_WARN_UNUSED_FUNCTION = YES;
				GCC_WARN_UNUSED_VARIABLE = YES;
				IPHONEOS_DEPLOYMENT_TARGET = 10.1;
				MTL_ENABLE_DEBUG_INFO = YES;
				ONLY_ACTIVE_ARCH = YES;
				SDKROOT = iphoneos;
			};
			name = Debug;
		};
		22D960181E602F28007796B5 /* Release */ = {
			isa = XCBuildConfiguration;
			buildSettings = {
				ALWAYS_SEARCH_USER_PATHS = NO;
				CLANG_ANALYZER_NONNULL = YES;
				CLANG_CXX_LANGUAGE_STANDARD = "gnu++0x";
				CLANG_CXX_LIBRARY = "libc++";
				CLANG_ENABLE_MODULES = YES;
				CLANG_ENABLE_OBJC_ARC = YES;
				CLANG_WARN_BOOL_CONVERSION = YES;
				CLANG_WARN_CONSTANT_CONVERSION = YES;
				CLANG_WARN_DIRECT_OBJC_ISA_USAGE = YES_ERROR;
				CLANG_WARN_DOCUMENTATION_COMMENTS = YES;
				CLANG_WARN_EMPTY_BODY = YES;
				CLANG_WARN_ENUM_CONVERSION = YES;
				CLANG_WARN_INFINITE_RECURSION = YES;
				CLANG_WARN_INT_CONVERSION = YES;
				CLANG_WARN_OBJC_ROOT_CLASS = YES_ERROR;
				CLANG_WARN_SUSPICIOUS_MOVES = YES;
				CLANG_WARN_UNREACHABLE_CODE = YES;
				CLANG_WARN__DUPLICATE_METHOD_MATCH = YES;
				"CODE_SIGN_IDENTITY[sdk=iphoneos*]" = "iPhone Developer";
				COPY_PHASE_STRIP = NO;
				DEBUG_INFORMATION_FORMAT = "dwarf-with-dsym";
				ENABLE_NS_ASSERTIONS = NO;
				ENABLE_STRICT_OBJC_MSGSEND = YES;
				GCC_C_LANGUAGE_STANDARD = gnu99;
				GCC_NO_COMMON_BLOCKS = YES;
				GCC_WARN_64_TO_32_BIT_CONVERSION = YES;
				GCC_WARN_ABOUT_RETURN_TYPE = YES_ERROR;
				GCC_WARN_UNDECLARED_SELECTOR = YES;
				GCC_WARN_UNINITIALIZED_AUTOS = YES_AGGRESSIVE;
				GCC_WARN_UNUSED_FUNCTION = YES;
				GCC_WARN_UNUSED_VARIABLE = YES;
				IPHONEOS_DEPLOYMENT_TARGET = 10.1;
				MTL_ENABLE_DEBUG_INFO = NO;
				SDKROOT = iphoneos;
				VALIDATE_PRODUCT = YES;
			};
			name = Release;
		};
		22D9601A1E602F28007796B5 /* Debug */ = {
			isa = XCBuildConfiguration;
			buildSettings = {
				ASSETCATALOG_COMPILER_APPICON_NAME = AppIcon;
				INFOPLIST_FILE = xmlparsing/Info.plist;
				LD_RUNPATH_SEARCH_PATHS = "$(inherited) @executable_path/Frameworks";
				PRODUCT_BUNDLE_IDENTIFIER = king.xmlparsing;
				PRODUCT_NAME = "$(TARGET_NAME)";
			};
			name = Debug;
		};
		22D9601B1E602F28007796B5 /* Release */ = {
			isa = XCBuildConfiguration;
			buildSettings = {
				ASSETCATALOG_COMPILER_APPICON_NAME = AppIcon;
				INFOPLIST_FILE = xmlparsing/Info.plist;
				LD_RUNPATH_SEARCH_PATHS = "$(inherited) @executable_path/Frameworks";
				PRODUCT_BUNDLE_IDENTIFIER = king.xmlparsing;
				PRODUCT_NAME = "$(TARGET_NAME)";
			};
			name = Release;
		};
		22D9601D1E602F28007796B5 /* Debug */ = {
			isa = XCBuildConfiguration;
			buildSettings = {
				BUNDLE_LOADER = "$(TEST_HOST)";
				INFOPLIST_FILE = xmlparsingTests/Info.plist;
				LD_RUNPATH_SEARCH_PATHS = "$(inherited) @executable_path/Frameworks @loader_path/Frameworks";
				PRODUCT_BUNDLE_IDENTIFIER = king.xmlparsingTests;
				PRODUCT_NAME = "$(TARGET_NAME)";
				TEST_HOST = "$(BUILT_PRODUCTS_DIR)/xmlparsing.app/xmlparsing";
			};
			name = Debug;
		};
		22D9601E1E602F28007796B5 /* Release */ = {
			isa = XCBuildConfiguration;
			buildSettings = {
				BUNDLE_LOADER = "$(TEST_HOST)";
				INFOPLIST_FILE = xmlparsingTests/Info.plist;
				LD_RUNPATH_SEARCH_PATHS = "$(inherited) @executable_path/Frameworks @loader_path/Frameworks";
				PRODUCT_BUNDLE_IDENTIFIER = king.xmlparsingTests;
				PRODUCT_NAME = "$(TARGET_NAME)";
				TEST_HOST = "$(BUILT_PRODUCTS_DIR)/xmlparsing.app/xmlparsing";
			};
			name = Release;
		};
		22D960201E602F28007796B5 /* Debug */ = {
			isa = XCBuildConfiguration;
			buildSettings = {
				INFOPLIST_FILE = xmlparsingUITests/Info.plist;
				LD_RUNPATH_SEARCH_PATHS = "$(inherited) @executable_path/Frameworks @loader_path/Frameworks";
				PRODUCT_BUNDLE_IDENTIFIER = king.xmlparsingUITests;
				PRODUCT_NAME = "$(TARGET_NAME)";
				TEST_TARGET_NAME = xmlparsing;
			};
			name = Debug;
		};
		22D960211E602F28007796B5 /* Release */ = {
			isa = XCBuildConfiguration;
			buildSettings = {
				INFOPLIST_FILE = xmlparsingUITests/Info.plist;
				LD_RUNPATH_SEARCH_PATHS = "$(inherited) @executable_path/Frameworks @loader_path/Frameworks";
				PRODUCT_BUNDLE_IDENTIFIER = king.xmlparsingUITests;
				PRODUCT_NAME = "$(TARGET_NAME)";
				TEST_TARGET_NAME = xmlparsing;
			};
			name = Release;
		};
/* End XCBuildConfiguration section */

/* Begin XCConfigurationList section */
		22D95FE41E602F27007796B5 /* Build configuration list for PBXProject "xmlparsing" */ = {
			isa = XCConfigurationList;
			buildConfigurations = (
				22D960171E602F28007796B5 /* Debug */,
				22D960181E602F28007796B5 /* Release */,
			);
			defaultConfigurationIsVisible = 0;
			defaultConfigurationName = Release;
		};
		22D960191E602F28007796B5 /* Build configuration list for PBXNativeTarget "xmlparsing" */ = {
			isa = XCConfigurationList;
			buildConfigurations = (
				22D9601A1E602F28007796B5 /* Debug */,
				22D9601B1E602F28007796B5 /* Release */,
			);
			defaultConfigurationIsVisible = 0;
		};
		22D9601C1E602F28007796B5 /* Build configuration list for PBXNativeTarget "xmlparsingTests" */ = {
			isa = XCConfigurationList;
			buildConfigurations = (
				22D9601D1E602F28007796B5 /* Debug */,
				22D9601E1E602F28007796B5 /* Release */,
			);
			defaultConfigurationIsVisible = 0;
		};
		22D9601F1E602F28007796B5 /* Build configuration list for PBXNativeTarget "xmlparsingUITests" */ = {
			isa = XCConfigurationList;
			buildConfigurations = (
				22D960201E602F28007796B5 /* Debug */,
				22D960211E602F28007796B5 /* Release */,
			);
			defaultConfigurationIsVisible = 0;
		};
/* End XCConfigurationList section */

/* Begin XCVersionGroup section */
		22D95FF81E602F27007796B5 /* xmlparsing.xcdatamodeld */ = {
			isa = XCVersionGroup;
			children = (
				22D95FF91E602F27007796B5 /* xmlparsing.xcdatamodel */,
			);
			currentVersion = 22D95FF91E602F27007796B5 /* xmlparsing.xcdatamodel */;
			path = xmlparsing.xcdatamodeld;
			sourceTree = "<group>";
			versionGroupType = wrapper.xcdatamodel;
		};
/* End XCVersionGroup section */
	};
	rootObject = 22D95FE11E602F27007796B5 /* Project object */;
}
